
Microsoft Visual Studio Solution File, Format Version 12.00
# Visual Studio Version 17
VisualStudioVersion = 17.7.34031.279
MinimumVisualStudioVersion = 10.0.40219.1
Project("{2150E333-8FDC-42A3-9474-1A3956D46DE8}") = "src", "src", "{A7D7A0E0-B779-4695-8C9C-A43FEF723DD4}"
EndProject
Project("{2150E333-8FDC-42A3-9474-1A3956D46DE8}") = "tests", "tests", "{BC9A5C1F-36F8-4722-996B-D58C353187C5}"
EndProject
Project("{2150E333-8FDC-42A3-9474-1A3956D46DE8}") = "API", "API", "{52CA9B6F-E282-4BEB-AD59-2536A018B215}"
EndProject
Project("{2150E333-8FDC-42A3-9474-1A3956D46DE8}") = "Core", "Core", "{83E30FA2-87BF-4229-BCC3-0E19094E3415}"
EndProject
Project("{2150E333-8FDC-42A3-9474-1A3956D46DE8}") = "Infrastructure", "Infrastructure", "{03445F7F-CFBC-4A80-AC2C-3F457D0464B6}"
EndProject
Project("{2150E333-8FDC-42A3-9474-1A3956D46DE8}") = "UI", "UI", "{E2A24F91-1056-496E-AC5C-9FD7ED73F4AD}"
EndProject
Project("{2150E333-8FDC-42A3-9474-1A3956D46DE8}") = "Application", "Application", "{135D26E9-DA76-4337-9245-4D9F9775F86E}"
EndProject
Project("{2150E333-8FDC-42A3-9474-1A3956D46DE8}") = "Domain", "Domain", "{1FD7A3E3-B514-4808-BD34-B9F9E009D3BF}"
EndProject
Project("{9A19103F-16F7-4668-BE54-9A1E7A4F7556}") = "RealEstatePlatform.Domain", "RealEstatePlatform.Domain\RealEstatePlatform.Domain.csproj", "{01D748ED-E350-48A4-B302-62291A1DA1AF}"
EndProject
Project("{9A19103F-16F7-4668-BE54-9A1E7A4F7556}") = "RealEstatePlatform.API", "RealEstatePlatform.API\RealEstatePlatform.API.csproj", "{C8A21CC2-E4FA-4B39-BE42-FB767609E56E}"
EndProject
Project("{9A19103F-16F7-4668-BE54-9A1E7A4F7556}") = "RealEstatePlatform.Application", "RealEstatePlatform.Application\RealEstatePlatform.Application.csproj", "{5763B648-8EF2-4547-A22F-05685482C106}"
EndProject
Project("{9A19103F-16F7-4668-BE54-9A1E7A4F7556}") = "RealEstatePlatform.Infrastructure", "RealEstatePlatform.Infrastructure\RealEstatePlatform.Infrastructure.csproj", "{69054FFD-56CA-4425-8B48-7333C16910B9}"
EndProject
Project("{9A19103F-16F7-4668-BE54-9A1E7A4F7556}") = "RealEstatePlatform.Identity", "RealEstatePlatform.Identity\RealEstatePlatform.Identity.csproj", "{8D0C5DBB-BFD7-41A4-9EB7-7C283B7207DB}"
EndProject
Project("{9A19103F-16F7-4668-BE54-9A1E7A4F7556}") = "RealEstatePlatform.App", "RealEstatePlatform.App\RealEstatePlatform.App.csproj", "{5C67A3D0-97BE-4F94-A94B-53A811A0F6C8}"
EndProject
Project("{9A19103F-16F7-4668-BE54-9A1E7A4F7556}") = "RealEstatePlatform.API.Tests", "RealEstatePlatform.API.Tests\RealEstatePlatform.API.Tests.csproj", "{8CC550EF-7C90-47A3-B66D-412D3A06DF0D}"
EndProject
Project("{2150E333-8FDC-42A3-9474-1A3956D46DE8}") = "PredictionModel", "PredictionModel", "{5B241558-47A6-47F4-BEEB-1927A5BB93A5}"
EndProject
Project("{9A19103F-16F7-4668-BE54-9A1E7A4F7556}") = "RealEstatePlatform.ML", "RealEstatePlatform.ML\RealEstatePlatform.ML.csproj", "{E6F58381-9B79-47A7-9F4A-006EEBFBA553}"
EndProject
Global
	GlobalSection(SolutionConfigurationPlatforms) = preSolution
		Debug|Any CPU = Debug|Any CPU
		Release|Any CPU = Release|Any CPU
	EndGlobalSection
	GlobalSection(ProjectConfigurationPlatforms) = postSolution
		{01D748ED-E350-48A4-B302-62291A1DA1AF}.Debug|Any CPU.ActiveCfg = Debug|Any CPU
		{01D748ED-E350-48A4-B302-62291A1DA1AF}.Debug|Any CPU.Build.0 = Debug|Any CPU
		{01D748ED-E350-48A4-B302-62291A1DA1AF}.Release|Any CPU.ActiveCfg = Release|Any CPU
		{01D748ED-E350-48A4-B302-62291A1DA1AF}.Release|Any CPU.Build.0 = Release|Any CPU
		{C8A21CC2-E4FA-4B39-BE42-FB767609E56E}.Debug|Any CPU.ActiveCfg = Debug|Any CPU
		{C8A21CC2-E4FA-4B39-BE42-FB767609E56E}.Debug|Any CPU.Build.0 = Debug|Any CPU
		{C8A21CC2-E4FA-4B39-BE42-FB767609E56E}.Release|Any CPU.ActiveCfg = Release|Any CPU
		{C8A21CC2-E4FA-4B39-BE42-FB767609E56E}.Release|Any CPU.Build.0 = Release|Any CPU
		{5763B648-8EF2-4547-A22F-05685482C106}.Debug|Any CPU.ActiveCfg = Debug|Any CPU
		{5763B648-8EF2-4547-A22F-05685482C106}.Debug|Any CPU.Build.0 = Debug|Any CPU
		{5763B648-8EF2-4547-A22F-05685482C106}.Release|Any CPU.ActiveCfg = Release|Any CPU
		{5763B648-8EF2-4547-A22F-05685482C106}.Release|Any CPU.Build.0 = Release|Any CPU
		{69054FFD-56CA-4425-8B48-7333C16910B9}.Debug|Any CPU.ActiveCfg = Debug|Any CPU
		{69054FFD-56CA-4425-8B48-7333C16910B9}.Debug|Any CPU.Build.0 = Debug|Any CPU
		{69054FFD-56CA-4425-8B48-7333C16910B9}.Release|Any CPU.ActiveCfg = Release|Any CPU
		{69054FFD-56CA-4425-8B48-7333C16910B9}.Release|Any CPU.Build.0 = Release|Any CPU
		{8D0C5DBB-BFD7-41A4-9EB7-7C283B7207DB}.Debug|Any CPU.ActiveCfg = Debug|Any CPU
		{8D0C5DBB-BFD7-41A4-9EB7-7C283B7207DB}.Debug|Any CPU.Build.0 = Debug|Any CPU
		{8D0C5DBB-BFD7-41A4-9EB7-7C283B7207DB}.Release|Any CPU.ActiveCfg = Release|Any CPU
		{8D0C5DBB-BFD7-41A4-9EB7-7C283B7207DB}.Release|Any CPU.Build.0 = Release|Any CPU
		{5C67A3D0-97BE-4F94-A94B-53A811A0F6C8}.Debug|Any CPU.ActiveCfg = Debug|Any CPU
		{5C67A3D0-97BE-4F94-A94B-53A811A0F6C8}.Debug|Any CPU.Build.0 = Debug|Any CPU
		{5C67A3D0-97BE-4F94-A94B-53A811A0F6C8}.Release|Any CPU.ActiveCfg = Release|Any CPU
		{5C67A3D0-97BE-4F94-A94B-53A811A0F6C8}.Release|Any CPU.Build.0 = Release|Any CPU
		{8CC550EF-7C90-47A3-B66D-412D3A06DF0D}.Debug|Any CPU.ActiveCfg = Debug|Any CPU
		{8CC550EF-7C90-47A3-B66D-412D3A06DF0D}.Debug|Any CPU.Build.0 = Debug|Any CPU
		{8CC550EF-7C90-47A3-B66D-412D3A06DF0D}.Release|Any CPU.ActiveCfg = Release|Any CPU
		{8CC550EF-7C90-47A3-B66D-412D3A06DF0D}.Release|Any CPU.Build.0 = Release|Any CPU
		{E6F58381-9B79-47A7-9F4A-006EEBFBA553}.Debug|Any CPU.ActiveCfg = Debug|Any CPU
		{E6F58381-9B79-47A7-9F4A-006EEBFBA553}.Debug|Any CPU.Build.0 = Debug|Any CPU
		{E6F58381-9B79-47A7-9F4A-006EEBFBA553}.Release|Any CPU.ActiveCfg = Release|Any CPU
		{E6F58381-9B79-47A7-9F4A-006EEBFBA553}.Release|Any CPU.Build.0 = Release|Any CPU
	EndGlobalSection
	GlobalSection(SolutionProperties) = preSolution
		HideSolutionNode = FALSE
	EndGlobalSection
	GlobalSection(NestedProjects) = preSolution
		{52CA9B6F-E282-4BEB-AD59-2536A018B215} = {A7D7A0E0-B779-4695-8C9C-A43FEF723DD4}
		{83E30FA2-87BF-4229-BCC3-0E19094E3415} = {A7D7A0E0-B779-4695-8C9C-A43FEF723DD4}
		{03445F7F-CFBC-4A80-AC2C-3F457D0464B6} = {A7D7A0E0-B779-4695-8C9C-A43FEF723DD4}
		{E2A24F91-1056-496E-AC5C-9FD7ED73F4AD} = {A7D7A0E0-B779-4695-8C9C-A43FEF723DD4}
		{135D26E9-DA76-4337-9245-4D9F9775F86E} = {83E30FA2-87BF-4229-BCC3-0E19094E3415}
		{1FD7A3E3-B514-4808-BD34-B9F9E009D3BF} = {83E30FA2-87BF-4229-BCC3-0E19094E3415}
		{01D748ED-E350-48A4-B302-62291A1DA1AF} = {1FD7A3E3-B514-4808-BD34-B9F9E009D3BF}
		{C8A21CC2-E4FA-4B39-BE42-FB767609E56E} = {52CA9B6F-E282-4BEB-AD59-2536A018B215}
		{5763B648-8EF2-4547-A22F-05685482C106} = {135D26E9-DA76-4337-9245-4D9F9775F86E}
		{69054FFD-56CA-4425-8B48-7333C16910B9} = {03445F7F-CFBC-4A80-AC2C-3F457D0464B6}
		{8D0C5DBB-BFD7-41A4-9EB7-7C283B7207DB} = {03445F7F-CFBC-4A80-AC2C-3F457D0464B6}
		{5C67A3D0-97BE-4F94-A94B-53A811A0F6C8} = {E2A24F91-1056-496E-AC5C-9FD7ED73F4AD}
		{8CC550EF-7C90-47A3-B66D-412D3A06DF0D} = {BC9A5C1F-36F8-4722-996B-D58C353187C5}
		{5B241558-47A6-47F4-BEEB-1927A5BB93A5} = {A7D7A0E0-B779-4695-8C9C-A43FEF723DD4}
		{E6F58381-9B79-47A7-9F4A-006EEBFBA553} = {5B241558-47A6-47F4-BEEB-1927A5BB93A5}
	EndGlobalSection
	GlobalSection(ExtensibilityGlobals) = postSolution
		SolutionGuid = {72D52D16-1D6F-46BE-80D6-805B5E6FD12B}
	EndGlobalSection
EndGlobal
